
Microsoft Visual Studio Solution File, Format Version 12.00
# Visual Studio Version 17
VisualStudioVersion = 17.5.002.0
MinimumVisualStudioVersion = 10.0.40219.1
Project("{9A19103F-16F7-4668-BE54-9A1E7A4F7556}") = "microgames", "microgames.csproj", "{A8DFC1AB-383B-4398-9C2A-6EF260948634}"
EndProject
Global
	GlobalSection(SolutionConfigurationPlatforms) = preSolution
		Debug|Any CPU = Debug|Any CPU
		Release|Any CPU = Release|Any CPU
	EndGlobalSection
	GlobalSection(ProjectConfigurationPlatforms) = postSolution
		{A8DFC1AB-383B-4398-9C2A-6EF260948634}.Debug|Any CPU.ActiveCfg = Debug|Any CPU
		{A8DFC1AB-383B-4398-9C2A-6EF260948634}.Debug|Any CPU.Build.0 = Debug|Any CPU
		{A8DFC1AB-383B-4398-9C2A-6EF260948634}.Release|Any CPU.ActiveCfg = Release|Any CPU
		{A8DFC1AB-383B-4398-9C2A-6EF260948634}.Release|Any CPU.Build.0 = Release|Any CPU
	EndGlobalSection
	GlobalSection(SolutionProperties) = preSolution
		HideSolutionNode = FALSE
	EndGlobalSection
	GlobalSection(ExtensibilityGlobals) = postSolution
		SolutionGuid = {965FFA69-F817-473E-A491-452BB42AF785}
	EndGlobalSection
EndGlobal
